// !$*UTF8*$!
{
	archiveVersion = 1;
	classes = {
	};
	objectVersion = 55;
	objects = {

/* Begin PBXBuildFile section */
		B401B27D27E8F72B00627B15 /* Movie.m in Sources */ = {isa = PBXBuildFile; fileRef = B401B27C27E8F72A00627B15 /* Movie.m */; };
		B4BB57D427E8F4EF003A94BF /* AppDelegate.m in Sources */ = {isa = PBXBuildFile; fileRef = B4BB57D327E8F4EF003A94BF /* AppDelegate.m */; };
		B4BB57D727E8F4EF003A94BF /* SceneDelegate.m in Sources */ = {isa = PBXBuildFile; fileRef = B4BB57D627E8F4EF003A94BF /* SceneDelegate.m */; };
		B4BB57DA27E8F4EF003A94BF /* ViewController.m in Sources */ = {isa = PBXBuildFile; fileRef = B4BB57D927E8F4EF003A94BF /* ViewController.m */; };
		B4BB57DD27E8F4EF003A94BF /* Main.storyboard in Resources */ = {isa = PBXBuildFile; fileRef = B4BB57DB27E8F4EF003A94BF /* Main.storyboard */; };
		B4BB57DF27E8F4F3003A94BF /* Assets.xcassets in Resources */ = {isa = PBXBuildFile; fileRef = B4BB57DE27E8F4F3003A94BF /* Assets.xcassets */; };
		B4BB57E227E8F4F3003A94BF /* LaunchScreen.storyboard in Resources */ = {isa = PBXBuildFile; fileRef = B4BB57E027E8F4F3003A94BF /* LaunchScreen.storyboard */; };
		B4BB57E527E8F4F3003A94BF /* main.m in Sources */ = {isa = PBXBuildFile; fileRef = B4BB57E427E8F4F3003A94BF /* main.m */; };
		EC64C73927E8F99500CBA32F /* MovieTableViewCell.m in Sources */ = {isa = PBXBuildFile; fileRef = EC64C73827E8F99500CBA32F /* MovieTableViewCell.m */; };
		EC64C73B27E8FCE800CBA32F /* MovieDetails.storyboard in Resources */ = {isa = PBXBuildFile; fileRef = EC64C73A27E8FCE800CBA32F /* MovieDetails.storyboard */; };
		EC64C73E27E8FEE000CBA32F /* MovieDetailViewController.m in Sources */ = {isa = PBXBuildFile; fileRef = EC64C73D27E8FEE000CBA32F /* MovieDetailViewController.m */; };
/* End PBXBuildFile section */

/* Begin PBXFileReference section */
		B401B27B27E8F70C00627B15 /* Movie.h */ = {isa = PBXFileReference; lastKnownFileType = sourcecode.c.h; path = Movie.h; sourceTree = "<group>"; };
		B401B27C27E8F72A00627B15 /* Movie.m */ = {isa = PBXFileReference; lastKnownFileType = sourcecode.c.objc; path = Movie.m; sourceTree = "<group>"; };
		B4BB57CF27E8F4EF003A94BF /* MovieDB OBJC.app */ = {isa = PBXFileReference; explicitFileType = wrapper.application; includeInIndex = 0; path = "MovieDB OBJC.app"; sourceTree = BUILT_PRODUCTS_DIR; };
		B4BB57D227E8F4EF003A94BF /* AppDelegate.h */ = {isa = PBXFileReference; lastKnownFileType = sourcecode.c.h; path = AppDelegate.h; sourceTree = "<group>"; };
		B4BB57D327E8F4EF003A94BF /* AppDelegate.m */ = {isa = PBXFileReference; lastKnownFileType = sourcecode.c.objc; path = AppDelegate.m; sourceTree = "<group>"; };
		B4BB57D527E8F4EF003A94BF /* SceneDelegate.h */ = {isa = PBXFileReference; lastKnownFileType = sourcecode.c.h; path = SceneDelegate.h; sourceTree = "<group>"; };
		B4BB57D627E8F4EF003A94BF /* SceneDelegate.m */ = {isa = PBXFileReference; lastKnownFileType = sourcecode.c.objc; path = SceneDelegate.m; sourceTree = "<group>"; };
		B4BB57D827E8F4EF003A94BF /* ViewController.h */ = {isa = PBXFileReference; lastKnownFileType = sourcecode.c.h; path = ViewController.h; sourceTree = "<group>"; };
		B4BB57D927E8F4EF003A94BF /* ViewController.m */ = {isa = PBXFileReference; lastKnownFileType = sourcecode.c.objc; path = ViewController.m; sourceTree = "<group>"; };
		B4BB57DC27E8F4EF003A94BF /* Base */ = {isa = PBXFileReference; lastKnownFileType = file.storyboard; name = Base; path = Base.lproj/Main.storyboard; sourceTree = "<group>"; };
		B4BB57DE27E8F4F3003A94BF /* Assets.xcassets */ = {isa = PBXFileReference; lastKnownFileType = folder.assetcatalog; path = Assets.xcassets; sourceTree = "<group>"; };
		B4BB57E127E8F4F3003A94BF /* Base */ = {isa = PBXFileReference; lastKnownFileType = file.storyboard; name = Base; path = Base.lproj/LaunchScreen.storyboard; sourceTree = "<group>"; };
		B4BB57E327E8F4F3003A94BF /* Info.plist */ = {isa = PBXFileReference; lastKnownFileType = text.plist.xml; path = Info.plist; sourceTree = "<group>"; };
		B4BB57E427E8F4F3003A94BF /* main.m */ = {isa = PBXFileReference; lastKnownFileType = sourcecode.c.objc; path = main.m; sourceTree = "<group>"; };
		EC64C73727E8F99500CBA32F /* MovieTableViewCell.h */ = {isa = PBXFileReference; lastKnownFileType = sourcecode.c.h; path = MovieTableViewCell.h; sourceTree = "<group>"; };
		EC64C73827E8F99500CBA32F /* MovieTableViewCell.m */ = {isa = PBXFileReference; lastKnownFileType = sourcecode.c.objc; path = MovieTableViewCell.m; sourceTree = "<group>"; };
		EC64C73A27E8FCE800CBA32F /* MovieDetails.storyboard */ = {isa = PBXFileReference; lastKnownFileType = file.storyboard; path = MovieDetails.storyboard; sourceTree = "<group>"; };
		EC64C73C27E8FEE000CBA32F /* MovieDetailViewController.h */ = {isa = PBXFileReference; lastKnownFileType = sourcecode.c.h; path = MovieDetailViewController.h; sourceTree = "<group>"; };
		EC64C73D27E8FEE000CBA32F /* MovieDetailViewController.m */ = {isa = PBXFileReference; lastKnownFileType = sourcecode.c.objc; path = MovieDetailViewController.m; sourceTree = "<group>"; };
/* End PBXFileReference section */

/* Begin PBXFrameworksBuildPhase section */
		B4BB57CC27E8F4EF003A94BF /* Frameworks */ = {
			isa = PBXFrameworksBuildPhase;
			buildActionMask = 2147483647;
			files = (
			);
			runOnlyForDeploymentPostprocessing = 0;
		};
/* End PBXFrameworksBuildPhase section */

/* Begin PBXGroup section */
		B401B27927E8F6FA00627B15 /* TMDB */ = {
			isa = PBXGroup;
			children = (
			);
			path = TMDB;
			sourceTree = "<group>";
		};
		B401B27A27E8F6FF00627B15 /* Model */ = {
			isa = PBXGroup;
			children = (
				B401B27B27E8F70C00627B15 /* Movie.h */,
				B401B27C27E8F72A00627B15 /* Movie.m */,
			);
			path = Model;
			sourceTree = "<group>";
		};
		B4BB57C627E8F4EF003A94BF = {
			isa = PBXGroup;
			children = (
				B4BB57D127E8F4EF003A94BF /* MovieDB OBJC */,
				B4BB57D027E8F4EF003A94BF /* Products */,
			);
			sourceTree = "<group>";
		};
		B4BB57D027E8F4EF003A94BF /* Products */ = {
			isa = PBXGroup;
			children = (
				B4BB57CF27E8F4EF003A94BF /* MovieDB OBJC.app */,
			);
			name = Products;
			sourceTree = "<group>";
		};
		B4BB57D127E8F4EF003A94BF /* MovieDB OBJC */ = {
			isa = PBXGroup;
			children = (
				B401B27A27E8F6FF00627B15 /* Model */,
				B401B27927E8F6FA00627B15 /* TMDB */,
				B4BB57D227E8F4EF003A94BF /* AppDelegate.h */,
				B4BB57D327E8F4EF003A94BF /* AppDelegate.m */,
				B4BB57D527E8F4EF003A94BF /* SceneDelegate.h */,
				B4BB57D627E8F4EF003A94BF /* SceneDelegate.m */,
				B4BB57D827E8F4EF003A94BF /* ViewController.h */,
				B4BB57D927E8F4EF003A94BF /* ViewController.m */,
				EC64C73727E8F99500CBA32F /* MovieTableViewCell.h */,
				EC64C73827E8F99500CBA32F /* MovieTableViewCell.m */,
				EC64C73A27E8FCE800CBA32F /* MovieDetails.storyboard */,
				EC64C73C27E8FEE000CBA32F /* MovieDetailViewController.h */,
				EC64C73D27E8FEE000CBA32F /* MovieDetailViewController.m */,
				B4BB57DB27E8F4EF003A94BF /* Main.storyboard */,
				B4BB57DE27E8F4F3003A94BF /* Assets.xcassets */,
				B4BB57E027E8F4F3003A94BF /* LaunchScreen.storyboard */,
				B4BB57E327E8F4F3003A94BF /* Info.plist */,
				B4BB57E427E8F4F3003A94BF /* main.m */,
			);
			path = "MovieDB OBJC";
			sourceTree = "<group>";
		};
/* End PBXGroup section */

/* Begin PBXNativeTarget section */
		B4BB57CE27E8F4EF003A94BF /* MovieDB OBJC */ = {
			isa = PBXNativeTarget;
			buildConfigurationList = B4BB57E827E8F4F3003A94BF /* Build configuration list for PBXNativeTarget "MovieDB OBJC" */;
			buildPhases = (
				B4BB57CB27E8F4EF003A94BF /* Sources */,
				B4BB57CC27E8F4EF003A94BF /* Frameworks */,
				B4BB57CD27E8F4EF003A94BF /* Resources */,
			);
			buildRules = (
			);
			dependencies = (
			);
			name = "MovieDB OBJC";
			productName = "MovieDB OBJC";
			productReference = B4BB57CF27E8F4EF003A94BF /* MovieDB OBJC.app */;
			productType = "com.apple.product-type.application";
		};
/* End PBXNativeTarget section */

/* Begin PBXProject section */
		B4BB57C727E8F4EF003A94BF /* Project object */ = {
			isa = PBXProject;
			attributes = {
				BuildIndependentTargetsInParallel = 1;
				LastUpgradeCheck = 1330;
				TargetAttributes = {
					B4BB57CE27E8F4EF003A94BF = {
						CreatedOnToolsVersion = 13.3;
					};
				};
			};
			buildConfigurationList = B4BB57CA27E8F4EF003A94BF /* Build configuration list for PBXProject "MovieDB OBJC" */;
			compatibilityVersion = "Xcode 13.0";
			developmentRegion = en;
			hasScannedForEncodings = 0;
			knownRegions = (
				en,
				Base,
			);
			mainGroup = B4BB57C627E8F4EF003A94BF;
			productRefGroup = B4BB57D027E8F4EF003A94BF /* Products */;
			projectDirPath = "";
			projectRoot = "";
			targets = (
				B4BB57CE27E8F4EF003A94BF /* MovieDB OBJC */,
			);
		};
/* End PBXProject section */

/* Begin PBXResourcesBuildPhase section */
		B4BB57CD27E8F4EF003A94BF /* Resources */ = {
			isa = PBXResourcesBuildPhase;
			buildActionMask = 2147483647;
			files = (
				EC64C73B27E8FCE800CBA32F /* MovieDetails.storyboard in Resources */,
				B4BB57E227E8F4F3003A94BF /* LaunchScreen.storyboard in Resources */,
				B4BB57DF27E8F4F3003A94BF /* Assets.xcassets in Resources */,
				B4BB57DD27E8F4EF003A94BF /* Main.storyboard in Resources */,
			);
			runOnlyForDeploymentPostprocessing = 0;
		};
/* End PBXResourcesBuildPhase section */

/* Begin PBXSourcesBuildPhase section */
		B4BB57CB27E8F4EF003A94BF /* Sources */ = {
			isa = PBXSourcesBuildPhase;
			buildActionMask = 2147483647;
			files = (
				EC64C73E27E8FEE000CBA32F /* MovieDetailViewController.m in Sources */,
				B4BB57DA27E8F4EF003A94BF /* ViewController.m in Sources */,
				B4BB57D427E8F4EF003A94BF /* AppDelegate.m in Sources */,
				B401B27D27E8F72B00627B15 /* Movie.m in Sources */,
				B4BB57E527E8F4F3003A94BF /* main.m in Sources */,
				EC64C73927E8F99500CBA32F /* MovieTableViewCell.m in Sources */,
				B4BB57D727E8F4EF003A94BF /* SceneDelegate.m in Sources */,
			);
			runOnlyForDeploymentPostprocessing = 0;
		};
/* End PBXSourcesBuildPhase section */

/* Begin PBXVariantGroup section */
		B4BB57DB27E8F4EF003A94BF /* Main.storyboard */ = {
			isa = PBXVariantGroup;
			children = (
				B4BB57DC27E8F4EF003A94BF /* Base */,
			);
			name = Main.storyboard;
			sourceTree = "<group>";
		};
		B4BB57E027E8F4F3003A94BF /* LaunchScreen.storyboard */ = {
			isa = PBXVariantGroup;
			children = (
				B4BB57E127E8F4F3003A94BF /* Base */,
			);
			name = LaunchScreen.storyboard;
			sourceTree = "<group>";
		};
/* End PBXVariantGroup section */

/* Begin XCBuildConfiguration section */
		B4BB57E627E8F4F3003A94BF /* Debug */ = {
			isa = XCBuildConfiguration;
			buildSettings = {
				ALWAYS_SEARCH_USER_PATHS = NO;
				CLANG_ANALYZER_NONNULL = YES;
				CLANG_ANALYZER_NUMBER_OBJECT_CONVERSION = YES_AGGRESSIVE;
				CLANG_CXX_LANGUAGE_STANDARD = "gnu++17";
				CLANG_ENABLE_MODULES = YES;
				CLANG_ENABLE_OBJC_ARC = YES;
				CLANG_ENABLE_OBJC_WEAK = YES;
				CLANG_WARN_BLOCK_CAPTURE_AUTORELEASING = YES;
				CLANG_WARN_BOOL_CONVERSION = YES;
				CLANG_WARN_COMMA = YES;
				CLANG_WARN_CONSTANT_CONVERSION = YES;
				CLANG_WARN_DEPRECATED_OBJC_IMPLEMENTATIONS = YES;
				CLANG_WARN_DIRECT_OBJC_ISA_USAGE = YES_ERROR;
				CLANG_WARN_DOCUMENTATION_COMMENTS = YES;
				CLANG_WARN_EMPTY_BODY = YES;
				CLANG_WARN_ENUM_CONVERSION = YES;
				CLANG_WARN_INFINITE_RECURSION = YES;
				CLANG_WARN_INT_CONVERSION = YES;
				CLANG_WARN_NON_LITERAL_NULL_CONVERSION = YES;
				CLANG_WARN_OBJC_IMPLICIT_RETAIN_SELF = YES;
				CLANG_WARN_OBJC_LITERAL_CONVERSION = YES;
				CLANG_WARN_OBJC_ROOT_CLASS = YES_ERROR;
				CLANG_WARN_QUOTED_INCLUDE_IN_FRAMEWORK_HEADER = YES;
				CLANG_WARN_RANGE_LOOP_ANALYSIS = YES;
				CLANG_WARN_STRICT_PROTOTYPES = YES;
				CLANG_WARN_SUSPICIOUS_MOVE = YES;
				CLANG_WARN_UNGUARDED_AVAILABILITY = YES_AGGRESSIVE;
				CLANG_WARN_UNREACHABLE_CODE = YES;
				CLANG_WARN__DUPLICATE_METHOD_MATCH = YES;
				COPY_PHASE_STRIP = NO;
				DEBUG_INFORMATION_FORMAT = dwarf;
				ENABLE_STRICT_OBJC_MSGSEND = YES;
				ENABLE_TESTABILITY = YES;
				GCC_C_LANGUAGE_STANDARD = gnu11;
				GCC_DYNAMIC_NO_PIC = NO;
				GCC_NO_COMMON_BLOCKS = YES;
				GCC_OPTIMIZATION_LEVEL = 0;
				GCC_PREPROCESSOR_DEFINITIONS = (
					"DEBUG=1",
					"$(inherited)",
				);
				GCC_WARN_64_TO_32_BIT_CONVERSION = YES;
				GCC_WARN_ABOUT_RETURN_TYPE = YES_ERROR;
				GCC_WARN_UNDECLARED_SELECTOR = YES;
				GCC_WARN_UNINITIALIZED_AUTOS = YES_AGGRESSIVE;
				GCC_WARN_UNUSED_FUNCTION = YES;
				GCC_WARN_UNUSED_VARIABLE = YES;
				IPHONEOS_DEPLOYMENT_TARGET = 15.4;
				MTL_ENABLE_DEBUG_INFO = INCLUDE_SOURCE;
				MTL_FAST_MATH = YES;
				ONLY_ACTIVE_ARCH = YES;
				SDKROOT = iphoneos;
			};
			name = Debug;
		};
		B4BB57E727E8F4F3003A94BF /* Release */ = {
			isa = XCBuildConfiguration;
			buildSettings = {
				ALWAYS_SEARCH_USER_PATHS = NO;
				CLANG_ANALYZER_NONNULL = YES;
				CLANG_ANALYZER_NUMBER_OBJECT_CONVERSION = YES_AGGRESSIVE;
				CLANG_CXX_LANGUAGE_STANDARD = "gnu++17";
				CLANG_ENABLE_MODULES = YES;
				CLANG_ENABLE_OBJC_ARC = YES;
				CLANG_ENABLE_OBJC_WEAK = YES;
				CLANG_WARN_BLOCK_CAPTURE_AUTORELEASING = YES;
				CLANG_WARN_BOOL_CONVERSION = YES;
				CLANG_WARN_COMMA = YES;
				CLANG_WARN_CONSTANT_CONVERSION = YES;
				CLANG_WARN_DEPRECATED_OBJC_IMPLEMENTATIONS = YES;
				CLANG_WARN_DIRECT_OBJC_ISA_USAGE = YES_ERROR;
				CLANG_WARN_DOCUMENTATION_COMMENTS = YES;
				CLANG_WARN_EMPTY_BODY = YES;
				CLANG_WARN_ENUM_CONVERSION = YES;
				CLANG_WARN_INFINITE_RECURSION = YES;
				CLANG_WARN_INT_CONVERSION = YES;
				CLANG_WARN_NON_LITERAL_NULL_CONVERSION = YES;
				CLANG_WARN_OBJC_IMPLICIT_RETAIN_SELF = YES;
				CLANG_WARN_OBJC_LITERAL_CONVERSION = YES;
				CLANG_WARN_OBJC_ROOT_CLASS = YES_ERROR;
				CLANG_WARN_QUOTED_INCLUDE_IN_FRAMEWORK_HEADER = YES;
				CLANG_WARN_RANGE_LOOP_ANALYSIS = YES;
				CLANG_WARN_STRICT_PROTOTYPES = YES;
				CLANG_WARN_SUSPICIOUS_MOVE = YES;
				CLANG_WARN_UNGUARDED_AVAILABILITY = YES_AGGRESSIVE;
				CLANG_WARN_UNREACHABLE_CODE = YES;
				CLANG_WARN__DUPLICATE_METHOD_MATCH = YES;
				COPY_PHASE_STRIP = NO;
				DEBUG_INFORMATION_FORMAT = "dwarf-with-dsym";
				ENABLE_NS_ASSERTIONS = NO;
				ENABLE_STRICT_OBJC_MSGSEND = YES;
				GCC_C_LANGUAGE_STANDARD = gnu11;
				GCC_NO_COMMON_BLOCKS = YES;
				GCC_WARN_64_TO_32_BIT_CONVERSION = YES;
				GCC_WARN_ABOUT_RETURN_TYPE = YES_ERROR;
				GCC_WARN_UNDECLARED_SELECTOR = YES;
				GCC_WARN_UNINITIALIZED_AUTOS = YES_AGGRESSIVE;
				GCC_WARN_UNUSED_FUNCTION = YES;
				GCC_WARN_UNUSED_VARIABLE = YES;
				IPHONEOS_DEPLOYMENT_TARGET = 15.4;
				MTL_ENABLE_DEBUG_INFO = NO;
				MTL_FAST_MATH = YES;
				SDKROOT = iphoneos;
				VALIDATE_PRODUCT = YES;
			};
			name = Release;
		};
		B4BB57E927E8F4F3003A94BF /* Debug */ = {
			isa = XCBuildConfiguration;
			buildSettings = {
				ASSETCATALOG_COMPILER_APPICON_NAME = AppIcon;
				ASSETCATALOG_COMPILER_GLOBAL_ACCENT_COLOR_NAME = AccentColor;
				CODE_SIGN_STYLE = Automatic;
				CURRENT_PROJECT_VERSION = 1;
				DEVELOPMENT_TEAM = CUXQ8WM7SV;
				GENERATE_INFOPLIST_FILE = YES;
				INFOPLIST_FILE = "MovieDB OBJC/Info.plist";
				INFOPLIST_KEY_UIApplicationSupportsIndirectInputEvents = YES;
				INFOPLIST_KEY_UILaunchStoryboardName = LaunchScreen;
				INFOPLIST_KEY_UIMainStoryboardFile = Main;
				INFOPLIST_KEY_UISupportedInterfaceOrientations_iPad = "UIInterfaceOrientationPortrait UIInterfaceOrientationPortraitUpsideDown UIInterfaceOrientationLandscapeLeft UIInterfaceOrientationLandscapeRight";
				INFOPLIST_KEY_UISupportedInterfaceOrientations_iPhone = "UIInterfaceOrientationPortrait UIInterfaceOrientationLandscapeLeft UIInterfaceOrientationLandscapeRight";
				LD_RUNPATH_SEARCH_PATHS = (
					"$(inherited)",
					"@executable_path/Frameworks",
				);
				MARKETING_VERSION = 1.0;
				PRODUCT_BUNDLE_IDENTIFIER = "JoaoBrentano.MovieDB-OBJC";
				PRODUCT_NAME = "$(TARGET_NAME)";
				SWIFT_EMIT_LOC_STRINGS = YES;
				TARGETED_DEVICE_FAMILY = "1,2";
			};
			name = Debug;
		};
		B4BB57EA27E8F4F3003A94BF /* Release */ = {
			isa = XCBuildConfiguration;
			buildSettings = {
				ASSETCATALOG_COMPILER_APPICON_NAME = AppIcon;
				ASSETCATALOG_COMPILER_GLOBAL_ACCENT_COLOR_NAME = AccentColor;
				CODE_SIGN_STYLE = Automatic;
				CURRENT_PROJECT_VERSION = 1;
				DEVELOPMENT_TEAM = CUXQ8WM7SV;
				GENERATE_INFOPLIST_FILE = YES;
				INFOPLIST_FILE = "MovieDB OBJC/Info.plist";
				INFOPLIST_KEY_UIApplicationSupportsIndirectInputEvents = YES;
				INFOPLIST_KEY_UILaunchStoryboardName = LaunchScreen;
				INFOPLIST_KEY_UIMainStoryboardFile = Main;
				INFOPLIST_KEY_UISupportedInterfaceOrientations_iPad = "UIInterfaceOrientationPortrait UIInterfaceOrientationPortraitUpsideDown UIInterfaceOrientationLandscapeLeft UIInterfaceOrientationLandscapeRight";
				INFOPLIST_KEY_UISupportedInterfaceOrientations_iPhone = "UIInterfaceOrientationPortrait UIInterfaceOrientationLandscapeLeft UIInterfaceOrientationLandscapeRight";
				LD_RUNPATH_SEARCH_PATHS = (
					"$(inherited)",
					"@executable_path/Frameworks",
				);
				MARKETING_VERSION = 1.0;
				PRODUCT_BUNDLE_IDENTIFIER = "JoaoBrentano.MovieDB-OBJC";
				PRODUCT_NAME = "$(TARGET_NAME)";
				SWIFT_EMIT_LOC_STRINGS = YES;
				TARGETED_DEVICE_FAMILY = "1,2";
			};
			name = Release;
		};
/* End XCBuildConfiguration section */

/* Begin XCConfigurationList section */
		B4BB57CA27E8F4EF003A94BF /* Build configuration list for PBXProject "MovieDB OBJC" */ = {
			isa = XCConfigurationList;
			buildConfigurations = (
				B4BB57E627E8F4F3003A94BF /* Debug */,
				B4BB57E727E8F4F3003A94BF /* Release */,
			);
			defaultConfigurationIsVisible = 0;
			defaultConfigurationName = Release;
		};
		B4BB57E827E8F4F3003A94BF /* Build configuration list for PBXNativeTarget "MovieDB OBJC" */ = {
			isa = XCConfigurationList;
			buildConfigurations = (
				B4BB57E927E8F4F3003A94BF /* Debug */,
				B4BB57EA27E8F4F3003A94BF /* Release */,
			);
			defaultConfigurationIsVisible = 0;
			defaultConfigurationName = Release;
		};
/* End XCConfigurationList section */
	};
	rootObject = B4BB57C727E8F4EF003A94BF /* Project object */;
}
